<?xml version="1.0" encoding="UTF-8"?>
<Scheme
   version = "1.3">
   <BuildAction>
      <BuildActionEntries>
         <BuildActionEntry
            buildForRunning = "YES">
            <BuildableReference
               BuildableIdentifier = "primary"
               BlueprintIdentifier = "337B6E3C38C859B93D8BFAA9"
               BuildableName = "Password"
               BlueprintName = "Password"
               ReferencedContainer = "container:Password.xcodeproj">
            </BuildableReference>
         </BuildActionEntry>
      </BuildActionEntries>
   </BuildAction>
   <LaunchAction
      useCustomWorkingDirectory = "NO"
      buildConfiguration = "Debug">
      <BuildableProductRunnable>
         <BuildableReference
            BuildableIdentifier = "primary"
            BlueprintIdentifier = "337B6E3C38C859B93D8BFAA9"
            BuildableName = "Password"
            BlueprintName = "Password"
            ReferencedContainer = "container:Password.xcodeproj">
         </BuildableReference>
      </BuildableProductRunnable>
      <CommandLineArguments>
         <CommandLineArgument
            argument = "-s"
            isEnabled = "YES">
         </CommandLineArgument>
         <CommandLineArgument
            argument = "&apos;&apos;&apos;&apos;&apos;&apos;&apos;&apos;&apos;&apos;&apos;&apos;&apos;&apos;&apos;&apos;&apos;&apos;&apos;&apos;&apos;&apos;&apos;&apos;&apos;&apos;&apos;&apos;&apos;&apos;&apos;"
            isEnabled = "YES">
         </CommandLineArgument>
      </CommandLineArguments>
   </LaunchAction>
</Scheme>
